
Microsoft Visual Studio Solution File, Format Version 12.00
# Visual Studio Version 17
VisualStudioVersion = 17.0.31903.59
MinimumVisualStudioVersion = 10.0.40219.1
Project("{2150E333-8FDC-42A3-9474-1A3956D46DE8}") = "src", "src", "{827E0CD3-B72D-47B6-A68D-7590B98EB39B}"
EndProject
Project("{FAE04EC0-301F-11D3-BF4B-00C04F79EFBC}") = "JolimontBikeRace.Core", "src\JolimontBikeRace.Core\JolimontBikeRace.Core.csproj", "{7D3CB967-0A18-43D2-84AA-334B3EEC81F5}"
EndProject
Project("{FAE04EC0-301F-11D3-BF4B-00C04F79EFBC}") = "JolimontBikeRace.Data", "src\JolimontBikeRace.Data\JolimontBikeRace.Data.csproj", "{F53A7CC9-3326-4EFE-B1CF-9BECCE988AA6}"
EndProject
Project("{FAE04EC0-301F-11D3-BF4B-00C04F79EFBC}") = "JolimontBikeRace.App", "src\JolimontBikeRace.App\JolimontBikeRace.App.csproj", "{234CCBA5-DA50-4DDD-B631-AF192750FE9A}"
EndProject
Project("{2150E333-8FDC-42A3-9474-1A3956D46DE8}") = "tests", "tests", "{0AB3BF05-4346-4AA6-1389-037BE0695223}"
EndProject
Project("{FAE04EC0-301F-11D3-BF4B-00C04F79EFBC}") = "JolimontBikeRace.Core.Tests", "tests\JolimontBikeRace.Core.Tests\JolimontBikeRace.Core.Tests.csproj", "{39D0A809-6302-42D4-87AB-3B630C46CA4F}"
EndProject
Global
	GlobalSection(SolutionConfigurationPlatforms) = preSolution
		Debug|Any CPU = Debug|Any CPU
		Debug|x64 = Debug|x64
		Debug|x86 = Debug|x86
		Release|Any CPU = Release|Any CPU
		Release|x64 = Release|x64
		Release|x86 = Release|x86
	EndGlobalSection
	GlobalSection(ProjectConfigurationPlatforms) = postSolution
		{7D3CB967-0A18-43D2-84AA-334B3EEC81F5}.Debug|Any CPU.ActiveCfg = Debug|Any CPU
		{7D3CB967-0A18-43D2-84AA-334B3EEC81F5}.Debug|Any CPU.Build.0 = Debug|Any CPU
		{7D3CB967-0A18-43D2-84AA-334B3EEC81F5}.Debug|x64.ActiveCfg = Debug|Any CPU
		{7D3CB967-0A18-43D2-84AA-334B3EEC81F5}.Debug|x64.Build.0 = Debug|Any CPU
		{7D3CB967-0A18-43D2-84AA-334B3EEC81F5}.Debug|x86.ActiveCfg = Debug|Any CPU
		{7D3CB967-0A18-43D2-84AA-334B3EEC81F5}.Debug|x86.Build.0 = Debug|Any CPU
		{7D3CB967-0A18-43D2-84AA-334B3EEC81F5}.Release|Any CPU.ActiveCfg = Release|Any CPU
		{7D3CB967-0A18-43D2-84AA-334B3EEC81F5}.Release|Any CPU.Build.0 = Release|Any CPU
		{7D3CB967-0A18-43D2-84AA-334B3EEC81F5}.Release|x64.ActiveCfg = Release|Any CPU
		{7D3CB967-0A18-43D2-84AA-334B3EEC81F5}.Release|x64.Build.0 = Release|Any CPU
		{7D3CB967-0A18-43D2-84AA-334B3EEC81F5}.Release|x86.ActiveCfg = Release|Any CPU
		{7D3CB967-0A18-43D2-84AA-334B3EEC81F5}.Release|x86.Build.0 = Release|Any CPU
		{F53A7CC9-3326-4EFE-B1CF-9BECCE988AA6}.Debug|Any CPU.ActiveCfg = Debug|Any CPU
		{F53A7CC9-3326-4EFE-B1CF-9BECCE988AA6}.Debug|Any CPU.Build.0 = Debug|Any CPU
		{F53A7CC9-3326-4EFE-B1CF-9BECCE988AA6}.Debug|x64.ActiveCfg = Debug|Any CPU
		{F53A7CC9-3326-4EFE-B1CF-9BECCE988AA6}.Debug|x64.Build.0 = Debug|Any CPU
		{F53A7CC9-3326-4EFE-B1CF-9BECCE988AA6}.Debug|x86.ActiveCfg = Debug|Any CPU
		{F53A7CC9-3326-4EFE-B1CF-9BECCE988AA6}.Debug|x86.Build.0 = Debug|Any CPU
		{F53A7CC9-3326-4EFE-B1CF-9BECCE988AA6}.Release|Any CPU.ActiveCfg = Release|Any CPU
		{F53A7CC9-3326-4EFE-B1CF-9BECCE988AA6}.Release|Any CPU.Build.0 = Release|Any CPU
		{F53A7CC9-3326-4EFE-B1CF-9BECCE988AA6}.Release|x64.ActiveCfg = Release|Any CPU
		{F53A7CC9-3326-4EFE-B1CF-9BECCE988AA6}.Release|x64.Build.0 = Release|Any CPU
		{F53A7CC9-3326-4EFE-B1CF-9BECCE988AA6}.Release|x86.ActiveCfg = Release|Any CPU
		{F53A7CC9-3326-4EFE-B1CF-9BECCE988AA6}.Release|x86.Build.0 = Release|Any CPU
		{234CCBA5-DA50-4DDD-B631-AF192750FE9A}.Debug|Any CPU.ActiveCfg = Debug|Any CPU
		{234CCBA5-DA50-4DDD-B631-AF192750FE9A}.Debug|Any CPU.Build.0 = Debug|Any CPU
		{234CCBA5-DA50-4DDD-B631-AF192750FE9A}.Debug|x64.ActiveCfg = Debug|Any CPU
		{234CCBA5-DA50-4DDD-B631-AF192750FE9A}.Debug|x64.Build.0 = Debug|Any CPU
		{234CCBA5-DA50-4DDD-B631-AF192750FE9A}.Debug|x86.ActiveCfg = Debug|Any CPU
		{234CCBA5-DA50-4DDD-B631-AF192750FE9A}.Debug|x86.Build.0 = Debug|Any CPU
		{234CCBA5-DA50-4DDD-B631-AF192750FE9A}.Release|Any CPU.ActiveCfg = Release|Any CPU
		{234CCBA5-DA50-4DDD-B631-AF192750FE9A}.Release|Any CPU.Build.0 = Release|Any CPU
		{234CCBA5-DA50-4DDD-B631-AF192750FE9A}.Release|x64.ActiveCfg = Release|Any CPU
		{234CCBA5-DA50-4DDD-B631-AF192750FE9A}.Release|x64.Build.0 = Release|Any CPU
		{234CCBA5-DA50-4DDD-B631-AF192750FE9A}.Release|x86.ActiveCfg = Release|Any CPU
		{234CCBA5-DA50-4DDD-B631-AF192750FE9A}.Release|x86.Build.0 = Release|Any CPU
		{39D0A809-6302-42D4-87AB-3B630C46CA4F}.Debug|Any CPU.ActiveCfg = Debug|Any CPU
		{39D0A809-6302-42D4-87AB-3B630C46CA4F}.Debug|Any CPU.Build.0 = Debug|Any CPU
		{39D0A809-6302-42D4-87AB-3B630C46CA4F}.Debug|x64.ActiveCfg = Debug|Any CPU
		{39D0A809-6302-42D4-87AB-3B630C46CA4F}.Debug|x64.Build.0 = Debug|Any CPU
		{39D0A809-6302-42D4-87AB-3B630C46CA4F}.Debug|x86.ActiveCfg = Debug|Any CPU
		{39D0A809-6302-42D4-87AB-3B630C46CA4F}.Debug|x86.Build.0 = Debug|Any CPU
		{39D0A809-6302-42D4-87AB-3B630C46CA4F}.Release|Any CPU.ActiveCfg = Release|Any CPU
		{39D0A809-6302-42D4-87AB-3B630C46CA4F}.Release|Any CPU.Build.0 = Release|Any CPU
		{39D0A809-6302-42D4-87AB-3B630C46CA4F}.Release|x64.ActiveCfg = Release|Any CPU
		{39D0A809-6302-42D4-87AB-3B630C46CA4F}.Release|x64.Build.0 = Release|Any CPU
		{39D0A809-6302-42D4-87AB-3B630C46CA4F}.Release|x86.ActiveCfg = Release|Any CPU
		{39D0A809-6302-42D4-87AB-3B630C46CA4F}.Release|x86.Build.0 = Release|Any CPU
	EndGlobalSection
	GlobalSection(SolutionProperties) = preSolution
		HideSolutionNode = FALSE
	EndGlobalSection
	GlobalSection(NestedProjects) = preSolution
		{7D3CB967-0A18-43D2-84AA-334B3EEC81F5} = {827E0CD3-B72D-47B6-A68D-7590B98EB39B}
		{F53A7CC9-3326-4EFE-B1CF-9BECCE988AA6} = {827E0CD3-B72D-47B6-A68D-7590B98EB39B}
		{234CCBA5-DA50-4DDD-B631-AF192750FE9A} = {827E0CD3-B72D-47B6-A68D-7590B98EB39B}
		{39D0A809-6302-42D4-87AB-3B630C46CA4F} = {0AB3BF05-4346-4AA6-1389-037BE0695223}
	EndGlobalSection
EndGlobal
